// !$*UTF8*$!
{
	archiveVersion = 1;
	classes = {
	};
	objectVersion = 50;
	objects = {

/* Begin PBXBuildFile section */
		BE07A90B208B102D00C61BDD /* image_morph.cpp in Sources */ = {isa = PBXBuildFile; fileRef = BE07A909208B102D00C61BDD /* image_morph.cpp */; };
		BE1F4FB0208AE678001509D9 /* image_util.cpp in Sources */ = {isa = PBXBuildFile; fileRef = BE1F4FAE208AE678001509D9 /* image_util.cpp */; };
		BE1F4FB6208AE7DC001509D9 /* typedef_c.hpp in Sources */ = {isa = PBXBuildFile; fileRef = BE1F4FB5208AE7DC001509D9 /* typedef_c.hpp */; };
		BE3B50E6208A055C00340E65 /* libopencv_imgcodecs.3.4.1.dylib in Frameworks */ = {isa = PBXBuildFile; fileRef = BE3B50E1208A055B00340E65 /* libopencv_imgcodecs.3.4.1.dylib */; };
		BE3B50E7208A055C00340E65 /* libopencv_ml.3.4.1.dylib in Frameworks */ = {isa = PBXBuildFile; fileRef = BE3B50E2208A055B00340E65 /* libopencv_ml.3.4.1.dylib */; };
		BE3B50E8208A055C00340E65 /* libopencv_imgproc.3.4.1.dylib in Frameworks */ = {isa = PBXBuildFile; fileRef = BE3B50E3208A055C00340E65 /* libopencv_imgproc.3.4.1.dylib */; };
		BE3B50E9208A055C00340E65 /* libopencv_highgui.3.4.1.dylib in Frameworks */ = {isa = PBXBuildFile; fileRef = BE3B50E4208A055C00340E65 /* libopencv_highgui.3.4.1.dylib */; };
		BE3B50EA208A055C00340E65 /* libopencv_core.3.4.1.dylib in Frameworks */ = {isa = PBXBuildFile; fileRef = BE3B50E5208A055C00340E65 /* libopencv_core.3.4.1.dylib */; };
		BE3B50ED208A168800340E65 /* image_io_processor.cpp in Sources */ = {isa = PBXBuildFile; fileRef = BE3B50EB208A168800340E65 /* image_io_processor.cpp */; };
		BE4C8C4D208ABC6B00F177BF /* image_seperator.cpp in Sources */ = {isa = PBXBuildFile; fileRef = BE4C8C4B208ABC6B00F177BF /* image_seperator.cpp */; };
		BE4C8C51208AC18A00F177BF /* image_merger.cpp in Sources */ = {isa = PBXBuildFile; fileRef = BE4C8C4F208AC18A00F177BF /* image_merger.cpp */; };
		BE780A4A20897EEA00B7AC3B /* morph.cpp in Sources */ = {isa = PBXBuildFile; fileRef = BE780A3F20897EE900B7AC3B /* morph.cpp */; };
		BE780A4C20897EEA00B7AC3B /* catmullrom.cpp in Sources */ = {isa = PBXBuildFile; fileRef = BE780A4120897EE900B7AC3B /* catmullrom.cpp */; };
		BE780A4D20897EEA00B7AC3B /* warp.cpp in Sources */ = {isa = PBXBuildFile; fileRef = BE780A4220897EE900B7AC3B /* warp.cpp */; };
		BE780A4E20897EEA00B7AC3B /* util.cpp in Sources */ = {isa = PBXBuildFile; fileRef = BE780A4520897EEA00B7AC3B /* util.cpp */; };
		BE780A4F20897EEA00B7AC3B /* meshwarp.cpp in Sources */ = {isa = PBXBuildFile; fileRef = BE780A4720897EEA00B7AC3B /* meshwarp.cpp */; };
		BEFB816F20899A0600C3AFBE /* seperate.cpp in Sources */ = {isa = PBXBuildFile; fileRef = BEFB816D20899A0600C3AFBE /* seperate.cpp */; };
		BEFB817020899A0600C3AFBE /* merge.cpp in Sources */ = {isa = PBXBuildFile; fileRef = BEFB816E20899A0600C3AFBE /* merge.cpp */; };
/* End PBXBuildFile section */

/* Begin PBXCopyFilesBuildPhase section */
		BE780A3320897ECF00B7AC3B /* CopyFiles */ = {
			isa = PBXCopyFilesBuildPhase;
			buildActionMask = 2147483647;
			dstPath = /usr/share/man/man1/;
			dstSubfolderSpec = 0;
			files = (
			);
			runOnlyForDeploymentPostprocessing = 1;
		};
/* End PBXCopyFilesBuildPhase section */

/* Begin PBXFileReference section */
		BE07A909208B102D00C61BDD /* image_morph.cpp */ = {isa = PBXFileReference; lastKnownFileType = sourcecode.cpp.cpp; path = image_morph.cpp; sourceTree = "<group>"; };
		BE07A90A208B102D00C61BDD /* image_morph.hpp */ = {isa = PBXFileReference; lastKnownFileType = sourcecode.cpp.h; path = image_morph.hpp; sourceTree = "<group>"; };
		BE1F4FAE208AE678001509D9 /* image_util.cpp */ = {isa = PBXFileReference; lastKnownFileType = sourcecode.cpp.cpp; path = image_util.cpp; sourceTree = "<group>"; };
		BE1F4FAF208AE678001509D9 /* image_util.hpp */ = {isa = PBXFileReference; lastKnownFileType = sourcecode.cpp.h; path = image_util.hpp; sourceTree = "<group>"; };
		BE1F4FB5208AE7DC001509D9 /* typedef_c.hpp */ = {isa = PBXFileReference; lastKnownFileType = sourcecode.cpp.h; name = typedef_c.hpp; path = image_util/typedef_c.hpp; sourceTree = "<group>"; };
		BE3B50E1208A055B00340E65 /* libopencv_imgcodecs.3.4.1.dylib */ = {isa = PBXFileReference; lastKnownFileType = "compiled.mach-o.dylib"; name = libopencv_imgcodecs.3.4.1.dylib; path = ../../../../usr/local/lib/libopencv_imgcodecs.3.4.1.dylib; sourceTree = "<group>"; };
		BE3B50E2208A055B00340E65 /* libopencv_ml.3.4.1.dylib */ = {isa = PBXFileReference; lastKnownFileType = "compiled.mach-o.dylib"; name = libopencv_ml.3.4.1.dylib; path = ../../../../usr/local/lib/libopencv_ml.3.4.1.dylib; sourceTree = "<group>"; };
		BE3B50E3208A055C00340E65 /* libopencv_imgproc.3.4.1.dylib */ = {isa = PBXFileReference; lastKnownFileType = "compiled.mach-o.dylib"; name = libopencv_imgproc.3.4.1.dylib; path = ../../../../usr/local/lib/libopencv_imgproc.3.4.1.dylib; sourceTree = "<group>"; };
		BE3B50E4208A055C00340E65 /* libopencv_highgui.3.4.1.dylib */ = {isa = PBXFileReference; lastKnownFileType = "compiled.mach-o.dylib"; name = libopencv_highgui.3.4.1.dylib; path = ../../../../usr/local/lib/libopencv_highgui.3.4.1.dylib; sourceTree = "<group>"; };
		BE3B50E5208A055C00340E65 /* libopencv_core.3.4.1.dylib */ = {isa = PBXFileReference; lastKnownFileType = "compiled.mach-o.dylib"; name = libopencv_core.3.4.1.dylib; path = ../../../../usr/local/lib/libopencv_core.3.4.1.dylib; sourceTree = "<group>"; };
		BE3B50EB208A168800340E65 /* image_io_processor.cpp */ = {isa = PBXFileReference; lastKnownFileType = sourcecode.cpp.cpp; path = image_io_processor.cpp; sourceTree = "<group>"; };
		BE3B50EC208A168800340E65 /* image_io_processor.hpp */ = {isa = PBXFileReference; lastKnownFileType = sourcecode.cpp.h; path = image_io_processor.hpp; sourceTree = "<group>"; };
		BE4C8C4B208ABC6B00F177BF /* image_seperator.cpp */ = {isa = PBXFileReference; lastKnownFileType = sourcecode.cpp.cpp; path = image_seperator.cpp; sourceTree = "<group>"; };
		BE4C8C4C208ABC6B00F177BF /* image_seperator.hpp */ = {isa = PBXFileReference; lastKnownFileType = sourcecode.cpp.h; path = image_seperator.hpp; sourceTree = "<group>"; };
		BE4C8C4F208AC18A00F177BF /* image_merger.cpp */ = {isa = PBXFileReference; lastKnownFileType = sourcecode.cpp.cpp; path = image_merger.cpp; sourceTree = "<group>"; };
		BE4C8C50208AC18A00F177BF /* image_merger.hpp */ = {isa = PBXFileReference; lastKnownFileType = sourcecode.cpp.h; path = image_merger.hpp; sourceTree = "<group>"; };
		BE780A3520897ECF00B7AC3B /* image */ = {isa = PBXFileReference; explicitFileType = "compiled.mach-o.executable"; includeInIndex = 0; path = image; sourceTree = BUILT_PRODUCTS_DIR; };
		BE780A3F20897EE900B7AC3B /* morph.cpp */ = {isa = PBXFileReference; fileEncoding = 4; lastKnownFileType = sourcecode.cpp.cpp; path = morph.cpp; sourceTree = "<group>"; };
		BE780A4120897EE900B7AC3B /* catmullrom.cpp */ = {isa = PBXFileReference; fileEncoding = 4; lastKnownFileType = sourcecode.cpp.cpp; path = catmullrom.cpp; sourceTree = "<group>"; };
		BE780A4220897EE900B7AC3B /* warp.cpp */ = {isa = PBXFileReference; fileEncoding = 4; lastKnownFileType = sourcecode.cpp.cpp; path = warp.cpp; sourceTree = "<group>"; };
		BE780A4320897EE900B7AC3B /* util.h */ = {isa = PBXFileReference; fileEncoding = 4; lastKnownFileType = sourcecode.c.h; path = util.h; sourceTree = "<group>"; };
		BE780A4420897EE900B7AC3B /* catmullrom.h */ = {isa = PBXFileReference; fileEncoding = 4; lastKnownFileType = sourcecode.c.h; path = catmullrom.h; sourceTree = "<group>"; };
		BE780A4520897EEA00B7AC3B /* util.cpp */ = {isa = PBXFileReference; fileEncoding = 4; lastKnownFileType = sourcecode.cpp.cpp; path = util.cpp; sourceTree = "<group>"; };
		BE780A4620897EEA00B7AC3B /* morph.h */ = {isa = PBXFileReference; fileEncoding = 4; lastKnownFileType = sourcecode.c.h; path = morph.h; sourceTree = "<group>"; };
		BE780A4720897EEA00B7AC3B /* meshwarp.cpp */ = {isa = PBXFileReference; fileEncoding = 4; lastKnownFileType = sourcecode.cpp.cpp; path = meshwarp.cpp; sourceTree = "<group>"; };
		BE780A4920897EEA00B7AC3B /* meshwarp.h */ = {isa = PBXFileReference; fileEncoding = 4; lastKnownFileType = sourcecode.c.h; path = meshwarp.h; sourceTree = "<group>"; };
		BEFB816D20899A0600C3AFBE /* seperate.cpp */ = {isa = PBXFileReference; fileEncoding = 4; lastKnownFileType = sourcecode.cpp.cpp; path = seperate.cpp; sourceTree = "<group>"; };
		BEFB816E20899A0600C3AFBE /* merge.cpp */ = {isa = PBXFileReference; fileEncoding = 4; lastKnownFileType = sourcecode.cpp.cpp; path = merge.cpp; sourceTree = "<group>"; };
/* End PBXFileReference section */

/* Begin PBXFrameworksBuildPhase section */
		BE780A3220897ECF00B7AC3B /* Frameworks */ = {
			isa = PBXFrameworksBuildPhase;
			buildActionMask = 2147483647;
			files = (
				BE3B50E6208A055C00340E65 /* libopencv_imgcodecs.3.4.1.dylib in Frameworks */,
				BE3B50E7208A055C00340E65 /* libopencv_ml.3.4.1.dylib in Frameworks */,
				BE3B50E8208A055C00340E65 /* libopencv_imgproc.3.4.1.dylib in Frameworks */,
				BE3B50E9208A055C00340E65 /* libopencv_highgui.3.4.1.dylib in Frameworks */,
				BE3B50EA208A055C00340E65 /* libopencv_core.3.4.1.dylib in Frameworks */,
			);
			runOnlyForDeploymentPostprocessing = 0;
		};
/* End PBXFrameworksBuildPhase section */

/* Begin PBXGroup section */
		BE07A90C208B103100C61BDD /* image_morph */ = {
			isa = PBXGroup;
			children = (
				BE07A90A208B102D00C61BDD /* image_morph.hpp */,
				BE07A909208B102D00C61BDD /* image_morph.cpp */,
			);
			path = image_morph;
			sourceTree = "<group>";
		};
		BE0911A3208A171300B523B4 /* image_io_processor */ = {
			isa = PBXGroup;
			children = (
				BE3B50EB208A168800340E65 /* image_io_processor.cpp */,
				BE3B50EC208A168800340E65 /* image_io_processor.hpp */,
			);
			path = image_io_processor;
			sourceTree = "<group>";
		};
		BE1F4FB1208AE67C001509D9 /* image_util */ = {
			isa = PBXGroup;
			children = (
				BE780A4520897EEA00B7AC3B /* util.cpp */,
				BE780A4320897EE900B7AC3B /* util.h */,
				BE1F4FAE208AE678001509D9 /* image_util.cpp */,
				BE1F4FAF208AE678001509D9 /* image_util.hpp */,
			);
			path = image_util;
			sourceTree = "<group>";
		};
		BE4C8C4E208ABC6F00F177BF /* image_seperator */ = {
			isa = PBXGroup;
			children = (
				BE4C8C4B208ABC6B00F177BF /* image_seperator.cpp */,
				BE4C8C4C208ABC6B00F177BF /* image_seperator.hpp */,
				BEFB816D20899A0600C3AFBE /* seperate.cpp */,
			);
			path = image_seperator;
			sourceTree = "<group>";
		};
		BE4C8C52208AC18F00F177BF /* image_merger */ = {
			isa = PBXGroup;
			children = (
				BE4C8C50208AC18A00F177BF /* image_merger.hpp */,
				BE4C8C4F208AC18A00F177BF /* image_merger.cpp */,
				BEFB816E20899A0600C3AFBE /* merge.cpp */,
			);
			path = image_merger;
			sourceTree = "<group>";
		};
		BE780A2C20897ECF00B7AC3B = {
			isa = PBXGroup;
			children = (
				BE780A3720897ECF00B7AC3B /* image */,
				BE780A3620897ECF00B7AC3B /* Products */,
				BEFB81622089905F00C3AFBE /* Frameworks */,
			);
			sourceTree = "<group>";
		};
		BE780A3620897ECF00B7AC3B /* Products */ = {
			isa = PBXGroup;
			children = (
				BE780A3520897ECF00B7AC3B /* image */,
			);
			name = Products;
			sourceTree = "<group>";
		};
		BE780A3720897ECF00B7AC3B /* image */ = {
			isa = PBXGroup;
			children = (
				BE4C8C4E208ABC6F00F177BF /* image_seperator */,
				BE0911A3208A171300B523B4 /* image_io_processor */,
				BE4C8C52208AC18F00F177BF /* image_merger */,
				BE1F4FB1208AE67C001509D9 /* image_util */,
				BE07A90C208B103100C61BDD /* image_morph */,
				BE1F4FB5208AE7DC001509D9 /* typedef_c.hpp */,
				BE780A4120897EE900B7AC3B /* catmullrom.cpp */,
				BE780A4420897EE900B7AC3B /* catmullrom.h */,
				BE780A4720897EEA00B7AC3B /* meshwarp.cpp */,
				BE780A4920897EEA00B7AC3B /* meshwarp.h */,
				BE780A3F20897EE900B7AC3B /* morph.cpp */,
				BE780A4620897EEA00B7AC3B /* morph.h */,
				BE780A4220897EE900B7AC3B /* warp.cpp */,
			);
			path = image;
			sourceTree = "<group>";
		};
		BEFB81622089905F00C3AFBE /* Frameworks */ = {
			isa = PBXGroup;
			children = (
				BE3B50E5208A055C00340E65 /* libopencv_core.3.4.1.dylib */,
				BE3B50E4208A055C00340E65 /* libopencv_highgui.3.4.1.dylib */,
				BE3B50E1208A055B00340E65 /* libopencv_imgcodecs.3.4.1.dylib */,
				BE3B50E3208A055C00340E65 /* libopencv_imgproc.3.4.1.dylib */,
				BE3B50E2208A055B00340E65 /* libopencv_ml.3.4.1.dylib */,
			);
			name = Frameworks;
			sourceTree = "<group>";
		};
/* End PBXGroup section */

/* Begin PBXNativeTarget section */
		BE780A3420897ECF00B7AC3B /* image */ = {
			isa = PBXNativeTarget;
			buildConfigurationList = BE780A3C20897ECF00B7AC3B /* Build configuration list for PBXNativeTarget "image" */;
			buildPhases = (
				BE780A3120897ECF00B7AC3B /* Sources */,
				BE780A3220897ECF00B7AC3B /* Frameworks */,
				BE780A3320897ECF00B7AC3B /* CopyFiles */,
			);
			buildRules = (
			);
			dependencies = (
			);
			name = image;
			productName = image;
			productReference = BE780A3520897ECF00B7AC3B /* image */;
			productType = "com.apple.product-type.tool";
		};
/* End PBXNativeTarget section */

/* Begin PBXProject section */
		BE780A2D20897ECF00B7AC3B /* Project object */ = {
			isa = PBXProject;
			attributes = {
				LastUpgradeCheck = 0930;
				ORGANIZATIONNAME = "cid aU";
				TargetAttributes = {
					BE780A3420897ECF00B7AC3B = {
						CreatedOnToolsVersion = 9.3;
					};
				};
			};
			buildConfigurationList = BE780A3020897ECF00B7AC3B /* Build configuration list for PBXProject "image" */;
			compatibilityVersion = "Xcode 9.3";
			developmentRegion = en;
			hasScannedForEncodings = 0;
			knownRegions = (
				en,
			);
			mainGroup = BE780A2C20897ECF00B7AC3B;
			productRefGroup = BE780A3620897ECF00B7AC3B /* Products */;
			projectDirPath = "";
			projectRoot = "";
			targets = (
				BE780A3420897ECF00B7AC3B /* image */,
			);
		};
/* End PBXProject section */

/* Begin PBXSourcesBuildPhase section */
		BE780A3120897ECF00B7AC3B /* Sources */ = {
			isa = PBXSourcesBuildPhase;
			buildActionMask = 2147483647;
			files = (
				BEFB817020899A0600C3AFBE /* merge.cpp in Sources */,
				BE4C8C51208AC18A00F177BF /* image_merger.cpp in Sources */,
				BE3B50ED208A168800340E65 /* image_io_processor.cpp in Sources */,
				BE07A90B208B102D00C61BDD /* image_morph.cpp in Sources */,
				BEFB816F20899A0600C3AFBE /* seperate.cpp in Sources */,
				BE780A4C20897EEA00B7AC3B /* catmullrom.cpp in Sources */,
				BE1F4FB6208AE7DC001509D9 /* typedef_c.hpp in Sources */,
				BE780A4A20897EEA00B7AC3B /* morph.cpp in Sources */,
				BE780A4E20897EEA00B7AC3B /* util.cpp in Sources */,
				BE780A4F20897EEA00B7AC3B /* meshwarp.cpp in Sources */,
				BE780A4D20897EEA00B7AC3B /* warp.cpp in Sources */,
				BE4C8C4D208ABC6B00F177BF /* image_seperator.cpp in Sources */,
				BE1F4FB0208AE678001509D9 /* image_util.cpp in Sources */,
			);
			runOnlyForDeploymentPostprocessing = 0;
		};
/* End PBXSourcesBuildPhase section */

/* Begin XCBuildConfiguration section */
		BE780A3A20897ECF00B7AC3B /* Debug */ = {
			isa = XCBuildConfiguration;
			buildSettings = {
				ALWAYS_SEARCH_USER_PATHS = NO;
				CLANG_ANALYZER_NONNULL = YES;
				CLANG_ANALYZER_NUMBER_OBJECT_CONVERSION = YES_AGGRESSIVE;
				CLANG_CXX_LANGUAGE_STANDARD = "gnu++14";
				CLANG_CXX_LIBRARY = "libc++";
				CLANG_ENABLE_MODULES = YES;
				CLANG_ENABLE_OBJC_ARC = YES;
				CLANG_ENABLE_OBJC_WEAK = YES;
				CLANG_WARN_BLOCK_CAPTURE_AUTORELEASING = YES;
				CLANG_WARN_BOOL_CONVERSION = YES;
				CLANG_WARN_COMMA = YES;
				CLANG_WARN_CONSTANT_CONVERSION = YES;
				CLANG_WARN_DEPRECATED_OBJC_IMPLEMENTATIONS = YES;
				CLANG_WARN_DIRECT_OBJC_ISA_USAGE = YES_ERROR;
				CLANG_WARN_DOCUMENTATION_COMMENTS = YES;
				CLANG_WARN_EMPTY_BODY = YES;
				CLANG_WARN_ENUM_CONVERSION = YES;
				CLANG_WARN_INFINITE_RECURSION = YES;
				CLANG_WARN_INT_CONVERSION = YES;
				CLANG_WARN_NON_LITERAL_NULL_CONVERSION = YES;
				CLANG_WARN_OBJC_IMPLICIT_RETAIN_SELF = YES;
				CLANG_WARN_OBJC_LITERAL_CONVERSION = YES;
				CLANG_WARN_OBJC_ROOT_CLASS = YES_ERROR;
				CLANG_WARN_RANGE_LOOP_ANALYSIS = YES;
				CLANG_WARN_STRICT_PROTOTYPES = YES;
				CLANG_WARN_SUSPICIOUS_MOVE = YES;
				CLANG_WARN_UNGUARDED_AVAILABILITY = YES_AGGRESSIVE;
				CLANG_WARN_UNREACHABLE_CODE = YES;
				CLANG_WARN__DUPLICATE_METHOD_MATCH = YES;
				CODE_SIGN_IDENTITY = "Mac Developer";
				COPY_PHASE_STRIP = NO;
				DEBUG_INFORMATION_FORMAT = dwarf;
				ENABLE_STRICT_OBJC_MSGSEND = YES;
				ENABLE_TESTABILITY = YES;
				GCC_C_LANGUAGE_STANDARD = gnu11;
				GCC_DYNAMIC_NO_PIC = NO;
				GCC_NO_COMMON_BLOCKS = YES;
				GCC_OPTIMIZATION_LEVEL = 0;
				GCC_PREPROCESSOR_DEFINITIONS = (
					"DEBUG=1",
					"$(inherited)",
				);
				GCC_WARN_64_TO_32_BIT_CONVERSION = YES;
				GCC_WARN_ABOUT_RETURN_TYPE = YES_ERROR;
				GCC_WARN_UNDECLARED_SELECTOR = YES;
				GCC_WARN_UNINITIALIZED_AUTOS = YES_AGGRESSIVE;
				GCC_WARN_UNUSED_FUNCTION = YES;
				GCC_WARN_UNUSED_VARIABLE = YES;
				MACOSX_DEPLOYMENT_TARGET = 10.13;
				MTL_ENABLE_DEBUG_INFO = YES;
				ONLY_ACTIVE_ARCH = YES;
				SDKROOT = macosx;
			};
			name = Debug;
		};
		BE780A3B20897ECF00B7AC3B /* Release */ = {
			isa = XCBuildConfiguration;
			buildSettings = {
				ALWAYS_SEARCH_USER_PATHS = NO;
				CLANG_ANALYZER_NONNULL = YES;
				CLANG_ANALYZER_NUMBER_OBJECT_CONVERSION = YES_AGGRESSIVE;
				CLANG_CXX_LANGUAGE_STANDARD = "gnu++14";
				CLANG_CXX_LIBRARY = "libc++";
				CLANG_ENABLE_MODULES = YES;
				CLANG_ENABLE_OBJC_ARC = YES;
				CLANG_ENABLE_OBJC_WEAK = YES;
				CLANG_WARN_BLOCK_CAPTURE_AUTORELEASING = YES;
				CLANG_WARN_BOOL_CONVERSION = YES;
				CLANG_WARN_COMMA = YES;
				CLANG_WARN_CONSTANT_CONVERSION = YES;
				CLANG_WARN_DEPRECATED_OBJC_IMPLEMENTATIONS = YES;
				CLANG_WARN_DIRECT_OBJC_ISA_USAGE = YES_ERROR;
				CLANG_WARN_DOCUMENTATION_COMMENTS = YES;
				CLANG_WARN_EMPTY_BODY = YES;
				CLANG_WARN_ENUM_CONVERSION = YES;
				CLANG_WARN_INFINITE_RECURSION = YES;
				CLANG_WARN_INT_CONVERSION = YES;
				CLANG_WARN_NON_LITERAL_NULL_CONVERSION = YES;
				CLANG_WARN_OBJC_IMPLICIT_RETAIN_SELF = YES;
				CLANG_WARN_OBJC_LITERAL_CONVERSION = YES;
				CLANG_WARN_OBJC_ROOT_CLASS = YES_ERROR;
				CLANG_WARN_RANGE_LOOP_ANALYSIS = YES;
				CLANG_WARN_STRICT_PROTOTYPES = YES;
				CLANG_WARN_SUSPICIOUS_MOVE = YES;
				CLANG_WARN_UNGUARDED_AVAILABILITY = YES_AGGRESSIVE;
				CLANG_WARN_UNREACHABLE_CODE = YES;
				CLANG_WARN__DUPLICATE_METHOD_MATCH = YES;
				CODE_SIGN_IDENTITY = "Mac Developer";
				COPY_PHASE_STRIP = NO;
				DEBUG_INFORMATION_FORMAT = "dwarf-with-dsym";
				ENABLE_NS_ASSERTIONS = NO;
				ENABLE_STRICT_OBJC_MSGSEND = YES;
				GCC_C_LANGUAGE_STANDARD = gnu11;
				GCC_NO_COMMON_BLOCKS = YES;
				GCC_WARN_64_TO_32_BIT_CONVERSION = YES;
				GCC_WARN_ABOUT_RETURN_TYPE = YES_ERROR;
				GCC_WARN_UNDECLARED_SELECTOR = YES;
				GCC_WARN_UNINITIALIZED_AUTOS = YES_AGGRESSIVE;
				GCC_WARN_UNUSED_FUNCTION = YES;
				GCC_WARN_UNUSED_VARIABLE = YES;
				MACOSX_DEPLOYMENT_TARGET = 10.13;
				MTL_ENABLE_DEBUG_INFO = NO;
				SDKROOT = macosx;
			};
			name = Release;
		};
		BE780A3D20897ECF00B7AC3B /* Debug */ = {
			isa = XCBuildConfiguration;
			buildSettings = {
				CODE_SIGN_STYLE = Automatic;
				DEVELOPMENT_TEAM = TL48E545E4;
				HEADER_SEARCH_PATHS = /usr/local/include;
				LIBRARY_SEARCH_PATHS = (
					"$(inherited)",
					"$(PROJECT_DIR)/image",
					/usr/local/lib,
				);
				MACOSX_DEPLOYMENT_TARGET = 10.13;
				PRODUCT_NAME = "$(TARGET_NAME)";
			};
			name = Debug;
		};
		BE780A3E20897ECF00B7AC3B /* Release */ = {
			isa = XCBuildConfiguration;
			buildSettings = {
				CODE_SIGN_STYLE = Automatic;
				DEVELOPMENT_TEAM = TL48E545E4;
				HEADER_SEARCH_PATHS = /usr/local/include;
				LIBRARY_SEARCH_PATHS = (
					"$(inherited)",
					"$(PROJECT_DIR)/image",
					/usr/local/lib,
				);
				MACOSX_DEPLOYMENT_TARGET = 10.13;
				PRODUCT_NAME = "$(TARGET_NAME)";
			};
			name = Release;
		};
/* End XCBuildConfiguration section */

/* Begin XCConfigurationList section */
		BE780A3020897ECF00B7AC3B /* Build configuration list for PBXProject "image" */ = {
			isa = XCConfigurationList;
			buildConfigurations = (
				BE780A3A20897ECF00B7AC3B /* Debug */,
				BE780A3B20897ECF00B7AC3B /* Release */,
			);
			defaultConfigurationIsVisible = 0;
			defaultConfigurationName = Release;
		};
		BE780A3C20897ECF00B7AC3B /* Build configuration list for PBXNativeTarget "image" */ = {
			isa = XCConfigurationList;
			buildConfigurations = (
				BE780A3D20897ECF00B7AC3B /* Debug */,
				BE780A3E20897ECF00B7AC3B /* Release */,
			);
			defaultConfigurationIsVisible = 0;
			defaultConfigurationName = Release;
		};
/* End XCConfigurationList section */
	};
	rootObject = BE780A2D20897ECF00B7AC3B /* Project object */;
}
