// !$*UTF8*$!
{
	archiveVersion = 1;
	classes = {
	};
	objectVersion = 50;
	objects = {

/* Begin PBXBuildFile section */
		42A2F91B208AC0F2004CB0C3 /* catmullrom.cpp in Sources */ = {isa = PBXBuildFile; fileRef = 42A2F910208AC0F1004CB0C3 /* catmullrom.cpp */; };
		42A2F91C208AC0F2004CB0C3 /* merge.cpp in Sources */ = {isa = PBXBuildFile; fileRef = 42A2F911208AC0F2004CB0C3 /* merge.cpp */; };
		42A2F91D208AC0F2004CB0C3 /* meshwarp.cpp in Sources */ = {isa = PBXBuildFile; fileRef = 42A2F914208AC0F2004CB0C3 /* meshwarp.cpp */; };
		42A2F91E208AC0F2004CB0C3 /* morph.cpp in Sources */ = {isa = PBXBuildFile; fileRef = 42A2F917208AC0F2004CB0C3 /* morph.cpp */; };
		42A2F91F208AC0F2004CB0C3 /* seperate.cpp in Sources */ = {isa = PBXBuildFile; fileRef = 42A2F918208AC0F2004CB0C3 /* seperate.cpp */; };
		42A2F920208AC0F2004CB0C3 /* warp.cpp in Sources */ = {isa = PBXBuildFile; fileRef = 42A2F919208AC0F2004CB0C3 /* warp.cpp */; };
		42A2F921208AC0F2004CB0C3 /* util.cpp in Sources */ = {isa = PBXBuildFile; fileRef = 42A2F91A208AC0F2004CB0C3 /* util.cpp */; };
		42A2F928208AC15F004CB0C3 /* image_io_processor.cpp in Sources */ = {isa = PBXBuildFile; fileRef = 42A2F927208AC15F004CB0C3 /* image_io_processor.cpp */; };
		42A2F92A208AC324004CB0C3 /* test.cpp in Sources */ = {isa = PBXBuildFile; fileRef = 42A2F929208AC324004CB0C3 /* test.cpp */; };
		BE3B50E6208A055C00340E65 /* libopencv_imgcodecs.3.4.1.dylib in Frameworks */ = {isa = PBXBuildFile; fileRef = BE3B50E1208A055B00340E65 /* libopencv_imgcodecs.3.4.1.dylib */; };
		BE3B50E7208A055C00340E65 /* libopencv_ml.3.4.1.dylib in Frameworks */ = {isa = PBXBuildFile; fileRef = BE3B50E2208A055B00340E65 /* libopencv_ml.3.4.1.dylib */; };
		BE3B50E8208A055C00340E65 /* libopencv_imgproc.3.4.1.dylib in Frameworks */ = {isa = PBXBuildFile; fileRef = BE3B50E3208A055C00340E65 /* libopencv_imgproc.3.4.1.dylib */; };
		BE3B50E9208A055C00340E65 /* libopencv_highgui.3.4.1.dylib in Frameworks */ = {isa = PBXBuildFile; fileRef = BE3B50E4208A055C00340E65 /* libopencv_highgui.3.4.1.dylib */; };
		BE3B50EA208A055C00340E65 /* libopencv_core.3.4.1.dylib in Frameworks */ = {isa = PBXBuildFile; fileRef = BE3B50E5208A055C00340E65 /* libopencv_core.3.4.1.dylib */; };
/* End PBXBuildFile section */

/* Begin PBXCopyFilesBuildPhase section */
		BE780A3320897ECF00B7AC3B /* CopyFiles */ = {
			isa = PBXCopyFilesBuildPhase;
			buildActionMask = 2147483647;
			dstPath = /usr/share/man/man1/;
			dstSubfolderSpec = 0;
			files = (
			);
			runOnlyForDeploymentPostprocessing = 1;
		};
/* End PBXCopyFilesBuildPhase section */

/* Begin PBXFileReference section */
		42A2F90F208AC0F1004CB0C3 /* util.h */ = {isa = PBXFileReference; fileEncoding = 4; lastKnownFileType = sourcecode.c.h; name = util.h; path = image/util.h; sourceTree = "<group>"; };
		42A2F910208AC0F1004CB0C3 /* catmullrom.cpp */ = {isa = PBXFileReference; fileEncoding = 4; lastKnownFileType = sourcecode.cpp.cpp; name = catmullrom.cpp; path = image/catmullrom.cpp; sourceTree = "<group>"; };
		42A2F911208AC0F2004CB0C3 /* merge.cpp */ = {isa = PBXFileReference; fileEncoding = 4; lastKnownFileType = sourcecode.cpp.cpp; name = merge.cpp; path = image/merge.cpp; sourceTree = "<group>"; };
		42A2F912208AC0F2004CB0C3 /* meshwarp.h */ = {isa = PBXFileReference; fileEncoding = 4; lastKnownFileType = sourcecode.c.h; name = meshwarp.h; path = image/meshwarp.h; sourceTree = "<group>"; };
		42A2F913208AC0F2004CB0C3 /* morph.h */ = {isa = PBXFileReference; fileEncoding = 4; lastKnownFileType = sourcecode.c.h; name = morph.h; path = image/morph.h; sourceTree = "<group>"; };
		42A2F914208AC0F2004CB0C3 /* meshwarp.cpp */ = {isa = PBXFileReference; fileEncoding = 4; lastKnownFileType = sourcecode.cpp.cpp; name = meshwarp.cpp; path = image/meshwarp.cpp; sourceTree = "<group>"; };
		42A2F916208AC0F2004CB0C3 /* catmullrom.h */ = {isa = PBXFileReference; fileEncoding = 4; lastKnownFileType = sourcecode.c.h; name = catmullrom.h; path = image/catmullrom.h; sourceTree = "<group>"; };
		42A2F917208AC0F2004CB0C3 /* morph.cpp */ = {isa = PBXFileReference; fileEncoding = 4; lastKnownFileType = sourcecode.cpp.cpp; name = morph.cpp; path = image/morph.cpp; sourceTree = "<group>"; };
		42A2F918208AC0F2004CB0C3 /* seperate.cpp */ = {isa = PBXFileReference; fileEncoding = 4; lastKnownFileType = sourcecode.cpp.cpp; name = seperate.cpp; path = image/seperate.cpp; sourceTree = "<group>"; };
		42A2F919208AC0F2004CB0C3 /* warp.cpp */ = {isa = PBXFileReference; fileEncoding = 4; lastKnownFileType = sourcecode.cpp.cpp; name = warp.cpp; path = image/warp.cpp; sourceTree = "<group>"; };
		42A2F91A208AC0F2004CB0C3 /* util.cpp */ = {isa = PBXFileReference; fileEncoding = 4; lastKnownFileType = sourcecode.cpp.cpp; name = util.cpp; path = image/util.cpp; sourceTree = "<group>"; };
		42A2F926208AC15F004CB0C3 /* image_io_processor.hpp */ = {isa = PBXFileReference; fileEncoding = 4; lastKnownFileType = sourcecode.cpp.h; name = image_io_processor.hpp; path = image/image_io_processor.hpp; sourceTree = "<group>"; };
		42A2F927208AC15F004CB0C3 /* image_io_processor.cpp */ = {isa = PBXFileReference; fileEncoding = 4; lastKnownFileType = sourcecode.cpp.cpp; name = image_io_processor.cpp; path = image/image_io_processor.cpp; sourceTree = "<group>"; };
		42A2F929208AC324004CB0C3 /* test.cpp */ = {isa = PBXFileReference; lastKnownFileType = sourcecode.cpp.cpp; name = test.cpp; path = image/test.cpp; sourceTree = "<group>"; };
		BE3B50E1208A055B00340E65 /* libopencv_imgcodecs.3.4.1.dylib */ = {isa = PBXFileReference; lastKnownFileType = "compiled.mach-o.dylib"; name = libopencv_imgcodecs.3.4.1.dylib; path = ../../../../usr/local/lib/libopencv_imgcodecs.3.4.1.dylib; sourceTree = "<group>"; };
		BE3B50E2208A055B00340E65 /* libopencv_ml.3.4.1.dylib */ = {isa = PBXFileReference; lastKnownFileType = "compiled.mach-o.dylib"; name = libopencv_ml.3.4.1.dylib; path = ../../../../usr/local/lib/libopencv_ml.3.4.1.dylib; sourceTree = "<group>"; };
		BE3B50E3208A055C00340E65 /* libopencv_imgproc.3.4.1.dylib */ = {isa = PBXFileReference; lastKnownFileType = "compiled.mach-o.dylib"; name = libopencv_imgproc.3.4.1.dylib; path = ../../../../usr/local/lib/libopencv_imgproc.3.4.1.dylib; sourceTree = "<group>"; };
		BE3B50E4208A055C00340E65 /* libopencv_highgui.3.4.1.dylib */ = {isa = PBXFileReference; lastKnownFileType = "compiled.mach-o.dylib"; name = libopencv_highgui.3.4.1.dylib; path = ../../../../usr/local/lib/libopencv_highgui.3.4.1.dylib; sourceTree = "<group>"; };
		BE3B50E5208A055C00340E65 /* libopencv_core.3.4.1.dylib */ = {isa = PBXFileReference; lastKnownFileType = "compiled.mach-o.dylib"; name = libopencv_core.3.4.1.dylib; path = ../../../../usr/local/lib/libopencv_core.3.4.1.dylib; sourceTree = "<group>"; };
		BE780A3520897ECF00B7AC3B /* image */ = {isa = PBXFileReference; explicitFileType = "compiled.mach-o.executable"; includeInIndex = 0; path = image; sourceTree = BUILT_PRODUCTS_DIR; };
/* End PBXFileReference section */

/* Begin PBXFrameworksBuildPhase section */
		BE780A3220897ECF00B7AC3B /* Frameworks */ = {
			isa = PBXFrameworksBuildPhase;
			buildActionMask = 2147483647;
			files = (
				BE3B50E6208A055C00340E65 /* libopencv_imgcodecs.3.4.1.dylib in Frameworks */,
				BE3B50E7208A055C00340E65 /* libopencv_ml.3.4.1.dylib in Frameworks */,
				BE3B50E8208A055C00340E65 /* libopencv_imgproc.3.4.1.dylib in Frameworks */,
				BE3B50E9208A055C00340E65 /* libopencv_highgui.3.4.1.dylib in Frameworks */,
				BE3B50EA208A055C00340E65 /* libopencv_core.3.4.1.dylib in Frameworks */,
			);
			runOnlyForDeploymentPostprocessing = 0;
		};
/* End PBXFrameworksBuildPhase section */

/* Begin PBXGroup section */
		42A2F922208AC11A004CB0C3 /* image_matrix_processor */ = {
			isa = PBXGroup;
			children = (
				42A2F927208AC15F004CB0C3 /* image_io_processor.cpp */,
				42A2F926208AC15F004CB0C3 /* image_io_processor.hpp */,
			);
			name = image_matrix_processor;
			sourceTree = "<group>";
		};
		BE780A2C20897ECF00B7AC3B = {
			isa = PBXGroup;
			children = (
				BE780A3720897ECF00B7AC3B /* image */,
				BE780A3620897ECF00B7AC3B /* Products */,
				BEFB81622089905F00C3AFBE /* Frameworks */,
			);
			sourceTree = "<group>";
		};
		BE780A3620897ECF00B7AC3B /* Products */ = {
			isa = PBXGroup;
			children = (
				BE780A3520897ECF00B7AC3B /* image */,
			);
			name = Products;
			sourceTree = "<group>";
		};
		BE780A3720897ECF00B7AC3B /* image */ = {
			isa = PBXGroup;
			children = (
				42A2F922208AC11A004CB0C3 /* image_matrix_processor */,
				42A2F910208AC0F1004CB0C3 /* catmullrom.cpp */,
				42A2F916208AC0F2004CB0C3 /* catmullrom.h */,
				42A2F911208AC0F2004CB0C3 /* merge.cpp */,
				42A2F914208AC0F2004CB0C3 /* meshwarp.cpp */,
				42A2F912208AC0F2004CB0C3 /* meshwarp.h */,
				42A2F917208AC0F2004CB0C3 /* morph.cpp */,
				42A2F913208AC0F2004CB0C3 /* morph.h */,
				42A2F918208AC0F2004CB0C3 /* seperate.cpp */,
				42A2F91A208AC0F2004CB0C3 /* util.cpp */,
				42A2F90F208AC0F1004CB0C3 /* util.h */,
				42A2F919208AC0F2004CB0C3 /* warp.cpp */,
				42A2F929208AC324004CB0C3 /* test.cpp */,
			);
			name = image;
			sourceTree = "<group>";
		};
		BEFB81622089905F00C3AFBE /* Frameworks */ = {
			isa = PBXGroup;
			children = (
				BE3B50E5208A055C00340E65 /* libopencv_core.3.4.1.dylib */,
				BE3B50E4208A055C00340E65 /* libopencv_highgui.3.4.1.dylib */,
				BE3B50E1208A055B00340E65 /* libopencv_imgcodecs.3.4.1.dylib */,
				BE3B50E3208A055C00340E65 /* libopencv_imgproc.3.4.1.dylib */,
				BE3B50E2208A055B00340E65 /* libopencv_ml.3.4.1.dylib */,
			);
			name = Frameworks;
			sourceTree = "<group>";
		};
/* End PBXGroup section */

/* Begin PBXNativeTarget section */
		BE780A3420897ECF00B7AC3B /* image */ = {
			isa = PBXNativeTarget;
			buildConfigurationList = BE780A3C20897ECF00B7AC3B /* Build configuration list for PBXNativeTarget "image" */;
			buildPhases = (
				BE780A3120897ECF00B7AC3B /* Sources */,
				BE780A3220897ECF00B7AC3B /* Frameworks */,
				BE780A3320897ECF00B7AC3B /* CopyFiles */,
			);
			buildRules = (
			);
			dependencies = (
			);
			name = image;
			productName = image;
			productReference = BE780A3520897ECF00B7AC3B /* image */;
			productType = "com.apple.product-type.tool";
		};
/* End PBXNativeTarget section */

/* Begin PBXProject section */
		BE780A2D20897ECF00B7AC3B /* Project object */ = {
			isa = PBXProject;
			attributes = {
				LastUpgradeCheck = 0930;
				ORGANIZATIONNAME = "cid aU";
				TargetAttributes = {
					BE780A3420897ECF00B7AC3B = {
						CreatedOnToolsVersion = 9.3;
					};
				};
			};
			buildConfigurationList = BE780A3020897ECF00B7AC3B /* Build configuration list for PBXProject "image" */;
			compatibilityVersion = "Xcode 9.3";
			developmentRegion = en;
			hasScannedForEncodings = 0;
			knownRegions = (
				en,
			);
			mainGroup = BE780A2C20897ECF00B7AC3B;
			productRefGroup = BE780A3620897ECF00B7AC3B /* Products */;
			projectDirPath = "";
			projectRoot = "";
			targets = (
				BE780A3420897ECF00B7AC3B /* image */,
			);
		};
/* End PBXProject section */

/* Begin PBXSourcesBuildPhase section */
		BE780A3120897ECF00B7AC3B /* Sources */ = {
			isa = PBXSourcesBuildPhase;
			buildActionMask = 2147483647;
			files = (
				42A2F928208AC15F004CB0C3 /* image_io_processor.cpp in Sources */,
				42A2F91E208AC0F2004CB0C3 /* morph.cpp in Sources */,
				42A2F92A208AC324004CB0C3 /* test.cpp in Sources */,
				42A2F91F208AC0F2004CB0C3 /* seperate.cpp in Sources */,
				42A2F921208AC0F2004CB0C3 /* util.cpp in Sources */,
				42A2F91C208AC0F2004CB0C3 /* merge.cpp in Sources */,
				42A2F91D208AC0F2004CB0C3 /* meshwarp.cpp in Sources */,
				42A2F91B208AC0F2004CB0C3 /* catmullrom.cpp in Sources */,
				42A2F920208AC0F2004CB0C3 /* warp.cpp in Sources */,
			);
			runOnlyForDeploymentPostprocessing = 0;
		};
/* End PBXSourcesBuildPhase section */

/* Begin XCBuildConfiguration section */
		BE780A3A20897ECF00B7AC3B /* Debug */ = {
			isa = XCBuildConfiguration;
			buildSettings = {
				ALWAYS_SEARCH_USER_PATHS = NO;
				CLANG_ANALYZER_NONNULL = YES;
				CLANG_ANALYZER_NUMBER_OBJECT_CONVERSION = YES_AGGRESSIVE;
				CLANG_CXX_LANGUAGE_STANDARD = "gnu++14";
				CLANG_CXX_LIBRARY = "libc++";
				CLANG_ENABLE_MODULES = YES;
				CLANG_ENABLE_OBJC_ARC = YES;
				CLANG_ENABLE_OBJC_WEAK = YES;
				CLANG_WARN_BLOCK_CAPTURE_AUTORELEASING = YES;
				CLANG_WARN_BOOL_CONVERSION = YES;
				CLANG_WARN_COMMA = YES;
				CLANG_WARN_CONSTANT_CONVERSION = YES;
				CLANG_WARN_DEPRECATED_OBJC_IMPLEMENTATIONS = YES;
				CLANG_WARN_DIRECT_OBJC_ISA_USAGE = YES_ERROR;
				CLANG_WARN_DOCUMENTATION_COMMENTS = YES;
				CLANG_WARN_EMPTY_BODY = YES;
				CLANG_WARN_ENUM_CONVERSION = YES;
				CLANG_WARN_INFINITE_RECURSION = YES;
				CLANG_WARN_INT_CONVERSION = YES;
				CLANG_WARN_NON_LITERAL_NULL_CONVERSION = YES;
				CLANG_WARN_OBJC_IMPLICIT_RETAIN_SELF = YES;
				CLANG_WARN_OBJC_LITERAL_CONVERSION = YES;
				CLANG_WARN_OBJC_ROOT_CLASS = YES_ERROR;
				CLANG_WARN_RANGE_LOOP_ANALYSIS = YES;
				CLANG_WARN_STRICT_PROTOTYPES = YES;
				CLANG_WARN_SUSPICIOUS_MOVE = YES;
				CLANG_WARN_UNGUARDED_AVAILABILITY = YES_AGGRESSIVE;
				CLANG_WARN_UNREACHABLE_CODE = YES;
				CLANG_WARN__DUPLICATE_METHOD_MATCH = YES;
				CODE_SIGN_IDENTITY = "Mac Developer";
				COPY_PHASE_STRIP = NO;
				DEBUG_INFORMATION_FORMAT = dwarf;
				ENABLE_STRICT_OBJC_MSGSEND = YES;
				ENABLE_TESTABILITY = YES;
				GCC_C_LANGUAGE_STANDARD = gnu11;
				GCC_DYNAMIC_NO_PIC = NO;
				GCC_NO_COMMON_BLOCKS = YES;
				GCC_OPTIMIZATION_LEVEL = 0;
				GCC_PREPROCESSOR_DEFINITIONS = (
					"DEBUG=1",
					"$(inherited)",
				);
				GCC_WARN_64_TO_32_BIT_CONVERSION = YES;
				GCC_WARN_ABOUT_RETURN_TYPE = YES_ERROR;
				GCC_WARN_UNDECLARED_SELECTOR = YES;
				GCC_WARN_UNINITIALIZED_AUTOS = YES_AGGRESSIVE;
				GCC_WARN_UNUSED_FUNCTION = YES;
				GCC_WARN_UNUSED_VARIABLE = YES;
				MACOSX_DEPLOYMENT_TARGET = 10.13;
				MTL_ENABLE_DEBUG_INFO = YES;
				ONLY_ACTIVE_ARCH = YES;
				SDKROOT = macosx;
			};
			name = Debug;
		};
		BE780A3B20897ECF00B7AC3B /* Release */ = {
			isa = XCBuildConfiguration;
			buildSettings = {
				ALWAYS_SEARCH_USER_PATHS = NO;
				CLANG_ANALYZER_NONNULL = YES;
				CLANG_ANALYZER_NUMBER_OBJECT_CONVERSION = YES_AGGRESSIVE;
				CLANG_CXX_LANGUAGE_STANDARD = "gnu++14";
				CLANG_CXX_LIBRARY = "libc++";
				CLANG_ENABLE_MODULES = YES;
				CLANG_ENABLE_OBJC_ARC = YES;
				CLANG_ENABLE_OBJC_WEAK = YES;
				CLANG_WARN_BLOCK_CAPTURE_AUTORELEASING = YES;
				CLANG_WARN_BOOL_CONVERSION = YES;
				CLANG_WARN_COMMA = YES;
				CLANG_WARN_CONSTANT_CONVERSION = YES;
				CLANG_WARN_DEPRECATED_OBJC_IMPLEMENTATIONS = YES;
				CLANG_WARN_DIRECT_OBJC_ISA_USAGE = YES_ERROR;
				CLANG_WARN_DOCUMENTATION_COMMENTS = YES;
				CLANG_WARN_EMPTY_BODY = YES;
				CLANG_WARN_ENUM_CONVERSION = YES;
				CLANG_WARN_INFINITE_RECURSION = YES;
				CLANG_WARN_INT_CONVERSION = YES;
				CLANG_WARN_NON_LITERAL_NULL_CONVERSION = YES;
				CLANG_WARN_OBJC_IMPLICIT_RETAIN_SELF = YES;
				CLANG_WARN_OBJC_LITERAL_CONVERSION = YES;
				CLANG_WARN_OBJC_ROOT_CLASS = YES_ERROR;
				CLANG_WARN_RANGE_LOOP_ANALYSIS = YES;
				CLANG_WARN_STRICT_PROTOTYPES = YES;
				CLANG_WARN_SUSPICIOUS_MOVE = YES;
				CLANG_WARN_UNGUARDED_AVAILABILITY = YES_AGGRESSIVE;
				CLANG_WARN_UNREACHABLE_CODE = YES;
				CLANG_WARN__DUPLICATE_METHOD_MATCH = YES;
				CODE_SIGN_IDENTITY = "Mac Developer";
				COPY_PHASE_STRIP = NO;
				DEBUG_INFORMATION_FORMAT = "dwarf-with-dsym";
				ENABLE_NS_ASSERTIONS = NO;
				ENABLE_STRICT_OBJC_MSGSEND = YES;
				GCC_C_LANGUAGE_STANDARD = gnu11;
				GCC_NO_COMMON_BLOCKS = YES;
				GCC_WARN_64_TO_32_BIT_CONVERSION = YES;
				GCC_WARN_ABOUT_RETURN_TYPE = YES_ERROR;
				GCC_WARN_UNDECLARED_SELECTOR = YES;
				GCC_WARN_UNINITIALIZED_AUTOS = YES_AGGRESSIVE;
				GCC_WARN_UNUSED_FUNCTION = YES;
				GCC_WARN_UNUSED_VARIABLE = YES;
				MACOSX_DEPLOYMENT_TARGET = 10.13;
				MTL_ENABLE_DEBUG_INFO = NO;
				SDKROOT = macosx;
			};
			name = Release;
		};
		BE780A3D20897ECF00B7AC3B /* Debug */ = {
			isa = XCBuildConfiguration;
			buildSettings = {
				CODE_SIGN_STYLE = Automatic;
				DEVELOPMENT_TEAM = 6E6LRBCEJN;
				HEADER_SEARCH_PATHS = /usr/local/include;
				LIBRARY_SEARCH_PATHS = (
					"$(inherited)",
					"$(PROJECT_DIR)/image",
					/usr/local/lib,
				);
				MACOSX_DEPLOYMENT_TARGET = 10.13;
				PRODUCT_NAME = "$(TARGET_NAME)";
			};
			name = Debug;
		};
		BE780A3E20897ECF00B7AC3B /* Release */ = {
			isa = XCBuildConfiguration;
			buildSettings = {
				CODE_SIGN_STYLE = Automatic;
				DEVELOPMENT_TEAM = 6E6LRBCEJN;
				HEADER_SEARCH_PATHS = /usr/local/include;
				LIBRARY_SEARCH_PATHS = (
					"$(inherited)",
					"$(PROJECT_DIR)/image",
					/usr/local/lib,
				);
				MACOSX_DEPLOYMENT_TARGET = 10.13;
				PRODUCT_NAME = "$(TARGET_NAME)";
			};
			name = Release;
		};
/* End XCBuildConfiguration section */

/* Begin XCConfigurationList section */
		BE780A3020897ECF00B7AC3B /* Build configuration list for PBXProject "image" */ = {
			isa = XCConfigurationList;
			buildConfigurations = (
				BE780A3A20897ECF00B7AC3B /* Debug */,
				BE780A3B20897ECF00B7AC3B /* Release */,
			);
			defaultConfigurationIsVisible = 0;
			defaultConfigurationName = Release;
		};
		BE780A3C20897ECF00B7AC3B /* Build configuration list for PBXNativeTarget "image" */ = {
			isa = XCConfigurationList;
			buildConfigurations = (
				BE780A3D20897ECF00B7AC3B /* Debug */,
				BE780A3E20897ECF00B7AC3B /* Release */,
			);
			defaultConfigurationIsVisible = 0;
			defaultConfigurationName = Release;
		};
/* End XCConfigurationList section */
	};
	rootObject = BE780A2D20897ECF00B7AC3B /* Project object */;
}
